
Microsoft Visual Studio Solution File, Format Version 12.00
# Visual Studio 15
VisualStudioVersion = 15.0.28010.2041
MinimumVisualStudioVersion = 10.0.40219.1
Project("{FAE04EC0-301F-11D3-BF4B-00C04F79EFBC}") = "Introduction", "Introduction\Introduction.csproj", "{910C0E46-1959-484C-AE9A-1D34DA4E3CDE}"
EndProject
Project("{FAE04EC0-301F-11D3-BF4B-00C04F79EFBC}") = "Features", "Features\Features.csproj", "{E1D8DC58-144C-4F8A-BBD1-00A7D9F2EE06}"
EndProject
Project("{FAE04EC0-301F-11D3-BF4B-00C04F79EFBC}") = "Queries", "Queries\Queries.csproj", "{0EB1767C-1C68-4C9F-9DD3-7127B631D888}"
EndProject
Project("{FAE04EC0-301F-11D3-BF4B-00C04F79EFBC}") = "Cars", "Cars\Cars.csproj", "{275B0C78-BAF6-43CB-9CE8-B158DB614F27}"
EndProject
Global
	GlobalSection(SolutionConfigurationPlatforms) = preSolution
		Debug|Any CPU = Debug|Any CPU
		Release|Any CPU = Release|Any CPU
	EndGlobalSection
	GlobalSection(ProjectConfigurationPlatforms) = postSolution
		{910C0E46-1959-484C-AE9A-1D34DA4E3CDE}.Debug|Any CPU.ActiveCfg = Debug|Any CPU
		{910C0E46-1959-484C-AE9A-1D34DA4E3CDE}.Debug|Any CPU.Build.0 = Debug|Any CPU
		{910C0E46-1959-484C-AE9A-1D34DA4E3CDE}.Release|Any CPU.ActiveCfg = Release|Any CPU
		{910C0E46-1959-484C-AE9A-1D34DA4E3CDE}.Release|Any CPU.Build.0 = Release|Any CPU
		{E1D8DC58-144C-4F8A-BBD1-00A7D9F2EE06}.Debug|Any CPU.ActiveCfg = Debug|Any CPU
		{E1D8DC58-144C-4F8A-BBD1-00A7D9F2EE06}.Debug|Any CPU.Build.0 = Debug|Any CPU
		{E1D8DC58-144C-4F8A-BBD1-00A7D9F2EE06}.Release|Any CPU.ActiveCfg = Release|Any CPU
		{E1D8DC58-144C-4F8A-BBD1-00A7D9F2EE06}.Release|Any CPU.Build.0 = Release|Any CPU
		{0EB1767C-1C68-4C9F-9DD3-7127B631D888}.Debug|Any CPU.ActiveCfg = Debug|Any CPU
		{0EB1767C-1C68-4C9F-9DD3-7127B631D888}.Debug|Any CPU.Build.0 = Debug|Any CPU
		{0EB1767C-1C68-4C9F-9DD3-7127B631D888}.Release|Any CPU.ActiveCfg = Release|Any CPU
		{0EB1767C-1C68-4C9F-9DD3-7127B631D888}.Release|Any CPU.Build.0 = Release|Any CPU
		{275B0C78-BAF6-43CB-9CE8-B158DB614F27}.Debug|Any CPU.ActiveCfg = Debug|Any CPU
		{275B0C78-BAF6-43CB-9CE8-B158DB614F27}.Debug|Any CPU.Build.0 = Debug|Any CPU
		{275B0C78-BAF6-43CB-9CE8-B158DB614F27}.Release|Any CPU.ActiveCfg = Release|Any CPU
		{275B0C78-BAF6-43CB-9CE8-B158DB614F27}.Release|Any CPU.Build.0 = Release|Any CPU
	EndGlobalSection
	GlobalSection(SolutionProperties) = preSolution
		HideSolutionNode = FALSE
	EndGlobalSection
	GlobalSection(ExtensibilityGlobals) = postSolution
		SolutionGuid = {B6C7E055-2A54-4347-AB65-1C2DEB841A8D}
	EndGlobalSection
EndGlobal
